/*#include <iostream>
#include <limits>//for numeric limits
#include<string>
using namespace std;

class book
{
public:
    string title, author;
    float price;

    void accept()
    {
        cout << "Enter book title: ";
        getline(cin, title);

        cout << "Enter author name: ";
        getline(cin, author);

        cout << "Enter price: ";
        cin >> price;
    }

    void display()
    {
        cout << "\nBook title: " << title;
        cout << "\nAuthor name: " << author;
        cout << "\nPrice: " << price << endl;
    }
};

int main()
{
    book* ptr = new book;
    cin.ignore(numeric_limits<streamsize>::max(), '\n');
    
    ptr->accept();
    ptr->display();

    delete ptr; // prevent memory leak
    return 0;
}*/

/*#include <iostream>
using namespace std;

class student
{
    int roll;
    float percentage;

public:
    void accept()
    {
        cout << "Enter roll no. and percentage: ";
        cin >> roll >> percentage;
    }

    void display()
    {
        cout << "\nRoll no.: " << this->roll;
        cout << "\nPercentage: " << this->percentage;
    }
};

int main()
{
    student s1;
    s1.accept();
    s1.display();
    return 0;
}
*/
/*
#include <iostream>
using namespace std;

class student {
public:
    class marks {
        int marks;
    public:
        void accept() {
            cout << "Enter the marks for the class: ";
            cin >> marks;
        }

        void display() {
            cout << "The marks are: " << marks << endl;
        }
    };
};

int main() {
    student::marks m1;
    m1.accept();
    m1.display();
    return 0;
}*/



